
Microsoft Visual Studio Solution File, Format Version 12.00
# Visual Studio Version 16
VisualStudioVersion = 16.0.28803.352
MinimumVisualStudioVersion = 10.0.40219.1
Project("{FAE04EC0-301F-11D3-BF4B-00C04F79EFBC}") = "LowLevel-IO", "LowLevel-IO\LowLevel-IO.csproj", "{05024F62-E53B-42F2-8D0F-2EA891031501}"
EndProject
Project("{FAE04EC0-301F-11D3-BF4B-00C04F79EFBC}") = "Datasave", "Datasave\Datasave.csproj", "{5D5401A6-81C3-4C5C-A9BA-BA74CF3F77B2}"
EndProject
Global
	GlobalSection(SolutionConfigurationPlatforms) = preSolution
		Debug|Any CPU = Debug|Any CPU
		Release|Any CPU = Release|Any CPU
	EndGlobalSection
	GlobalSection(ProjectConfigurationPlatforms) = postSolution
		{05024F62-E53B-42F2-8D0F-2EA891031501}.Debug|Any CPU.ActiveCfg = Debug|Any CPU
		{05024F62-E53B-42F2-8D0F-2EA891031501}.Debug|Any CPU.Build.0 = Debug|Any CPU
		{05024F62-E53B-42F2-8D0F-2EA891031501}.Release|Any CPU.ActiveCfg = Release|Any CPU
		{05024F62-E53B-42F2-8D0F-2EA891031501}.Release|Any CPU.Build.0 = Release|Any CPU
		{5D5401A6-81C3-4C5C-A9BA-BA74CF3F77B2}.Debug|Any CPU.ActiveCfg = Debug|Any CPU
		{5D5401A6-81C3-4C5C-A9BA-BA74CF3F77B2}.Debug|Any CPU.Build.0 = Debug|Any CPU
		{5D5401A6-81C3-4C5C-A9BA-BA74CF3F77B2}.Release|Any CPU.ActiveCfg = Release|Any CPU
		{5D5401A6-81C3-4C5C-A9BA-BA74CF3F77B2}.Release|Any CPU.Build.0 = Release|Any CPU
	EndGlobalSection
	GlobalSection(SolutionProperties) = preSolution
		HideSolutionNode = FALSE
	EndGlobalSection
	GlobalSection(ExtensibilityGlobals) = postSolution
		SolutionGuid = {2DBA2800-68CD-4CFB-A6C3-3EB63DD70850}
	EndGlobalSection
EndGlobal
