
Microsoft Visual Studio Solution File, Format Version 12.00
# Visual Studio Version 16
VisualStudioVersion = 16.0.30204.135
MinimumVisualStudioVersion = 10.0.40219.1
Project("{FAE04EC0-301F-11D3-BF4B-00C04F79EFBC}") = "ProtocolTesting", "ProtocolTesting\ProtocolTesting.csproj", "{FF015C4F-891C-40B3-99B5-0F882DDBAC8E}"
EndProject
Project("{9A19103F-16F7-4668-BE54-9A1E7A4F7556}") = "STDLib", "..\..\STDLib\STDLib.csproj", "{8E7BB250-6088-4E69-B072-1674958FE8E5}"
EndProject
Global
	GlobalSection(SolutionConfigurationPlatforms) = preSolution
		Debug|Any CPU = Debug|Any CPU
		Release|Any CPU = Release|Any CPU
	EndGlobalSection
	GlobalSection(ProjectConfigurationPlatforms) = postSolution
		{FF015C4F-891C-40B3-99B5-0F882DDBAC8E}.Debug|Any CPU.ActiveCfg = Debug|Any CPU
		{FF015C4F-891C-40B3-99B5-0F882DDBAC8E}.Debug|Any CPU.Build.0 = Debug|Any CPU
		{FF015C4F-891C-40B3-99B5-0F882DDBAC8E}.Release|Any CPU.ActiveCfg = Release|Any CPU
		{FF015C4F-891C-40B3-99B5-0F882DDBAC8E}.Release|Any CPU.Build.0 = Release|Any CPU
		{8E7BB250-6088-4E69-B072-1674958FE8E5}.Debug|Any CPU.ActiveCfg = Debug|Any CPU
		{8E7BB250-6088-4E69-B072-1674958FE8E5}.Debug|Any CPU.Build.0 = Debug|Any CPU
		{8E7BB250-6088-4E69-B072-1674958FE8E5}.Release|Any CPU.ActiveCfg = Release|Any CPU
		{8E7BB250-6088-4E69-B072-1674958FE8E5}.Release|Any CPU.Build.0 = Release|Any CPU
	EndGlobalSection
	GlobalSection(SolutionProperties) = preSolution
		HideSolutionNode = FALSE
	EndGlobalSection
	GlobalSection(ExtensibilityGlobals) = postSolution
		SolutionGuid = {47B16CFC-765E-463A-A9D1-384DA8A3726D}
	EndGlobalSection
EndGlobal
