
Microsoft Visual Studio Solution File, Format Version 12.00
# Visual Studio Version 16
VisualStudioVersion = 16.0.30907.101
MinimumVisualStudioVersion = 10.0.40219.1
Project("{FAE04EC0-301F-11D3-BF4B-00C04F79EFBC}") = "scopeviewtest", "scopeviewtest\scopeviewtest.csproj", "{4DB6F202-196D-491A-808D-907823B1E2FD}"
EndProject
Project("{9A19103F-16F7-4668-BE54-9A1E7A4F7556}") = "STDLib", "..\..\STDLib\STDLib.csproj", "{BFD33635-F5C7-4C41-80B7-2A211E5D6B6D}"
EndProject
Project("{FAE04EC0-301F-11D3-BF4B-00C04F79EFBC}") = "FRMLib", "..\..\FRMLib\FRMLib.csproj", "{6062FC18-1C98-4F9A-BE4C-44171CBCB55E}"
EndProject
Global
	GlobalSection(SolutionConfigurationPlatforms) = preSolution
		Debug|Any CPU = Debug|Any CPU
		Release|Any CPU = Release|Any CPU
	EndGlobalSection
	GlobalSection(ProjectConfigurationPlatforms) = postSolution
		{4DB6F202-196D-491A-808D-907823B1E2FD}.Debug|Any CPU.ActiveCfg = Debug|Any CPU
		{4DB6F202-196D-491A-808D-907823B1E2FD}.Debug|Any CPU.Build.0 = Debug|Any CPU
		{4DB6F202-196D-491A-808D-907823B1E2FD}.Release|Any CPU.ActiveCfg = Release|Any CPU
		{4DB6F202-196D-491A-808D-907823B1E2FD}.Release|Any CPU.Build.0 = Release|Any CPU
		{BFD33635-F5C7-4C41-80B7-2A211E5D6B6D}.Debug|Any CPU.ActiveCfg = Debug|Any CPU
		{BFD33635-F5C7-4C41-80B7-2A211E5D6B6D}.Debug|Any CPU.Build.0 = Debug|Any CPU
		{BFD33635-F5C7-4C41-80B7-2A211E5D6B6D}.Release|Any CPU.ActiveCfg = Release|Any CPU
		{BFD33635-F5C7-4C41-80B7-2A211E5D6B6D}.Release|Any CPU.Build.0 = Release|Any CPU
		{6062FC18-1C98-4F9A-BE4C-44171CBCB55E}.Debug|Any CPU.ActiveCfg = Debug|Any CPU
		{6062FC18-1C98-4F9A-BE4C-44171CBCB55E}.Debug|Any CPU.Build.0 = Debug|Any CPU
		{6062FC18-1C98-4F9A-BE4C-44171CBCB55E}.Release|Any CPU.ActiveCfg = Release|Any CPU
		{6062FC18-1C98-4F9A-BE4C-44171CBCB55E}.Release|Any CPU.Build.0 = Release|Any CPU
	EndGlobalSection
	GlobalSection(SolutionProperties) = preSolution
		HideSolutionNode = FALSE
	EndGlobalSection
	GlobalSection(ExtensibilityGlobals) = postSolution
		SolutionGuid = {627A275B-08A6-4D38-AE19-BF8098293F2E}
	EndGlobalSection
EndGlobal
