
Microsoft Visual Studio Solution File, Format Version 12.00
# Visual Studio Version 16
VisualStudioVersion = 16.0.29418.71
MinimumVisualStudioVersion = 10.0.40219.1
Project("{FAE04EC0-301F-11D3-BF4B-00C04F79EFBC}") = "bproj", "bproj\bproj.csproj", "{4A7B31CE-839E-43BB-883B-71AD5E179770}"
EndProject
Project("{8BC9CEB8-8B4A-11D0-8D11-00A0C91BC942}") = "bprojcpp", "bprojcpp\bprojcpp.vcxproj", "{87E7B86E-ECBF-4CEB-8B9A-0A4417DC6A9E}"
EndProject
Global
	GlobalSection(SolutionConfigurationPlatforms) = preSolution
		Debug|Any CPU = Debug|Any CPU
		Debug|x64 = Debug|x64
		Debug|x86 = Debug|x86
		Release|Any CPU = Release|Any CPU
		Release|x64 = Release|x64
		Release|x86 = Release|x86
	EndGlobalSection
	GlobalSection(ProjectConfigurationPlatforms) = postSolution
		{4A7B31CE-839E-43BB-883B-71AD5E179770}.Debug|Any CPU.ActiveCfg = Debug|Any CPU
		{4A7B31CE-839E-43BB-883B-71AD5E179770}.Debug|Any CPU.Build.0 = Debug|Any CPU
		{4A7B31CE-839E-43BB-883B-71AD5E179770}.Debug|x64.ActiveCfg = Debug|Any CPU
		{4A7B31CE-839E-43BB-883B-71AD5E179770}.Debug|x64.Build.0 = Debug|Any CPU
		{4A7B31CE-839E-43BB-883B-71AD5E179770}.Debug|x86.ActiveCfg = Debug|Any CPU
		{4A7B31CE-839E-43BB-883B-71AD5E179770}.Debug|x86.Build.0 = Debug|Any CPU
		{4A7B31CE-839E-43BB-883B-71AD5E179770}.Release|Any CPU.ActiveCfg = Release|Any CPU
		{4A7B31CE-839E-43BB-883B-71AD5E179770}.Release|Any CPU.Build.0 = Release|Any CPU
		{4A7B31CE-839E-43BB-883B-71AD5E179770}.Release|x64.ActiveCfg = Release|Any CPU
		{4A7B31CE-839E-43BB-883B-71AD5E179770}.Release|x64.Build.0 = Release|Any CPU
		{4A7B31CE-839E-43BB-883B-71AD5E179770}.Release|x86.ActiveCfg = Release|Any CPU
		{4A7B31CE-839E-43BB-883B-71AD5E179770}.Release|x86.Build.0 = Release|Any CPU
		{87E7B86E-ECBF-4CEB-8B9A-0A4417DC6A9E}.Debug|Any CPU.ActiveCfg = Debug|Win32
		{87E7B86E-ECBF-4CEB-8B9A-0A4417DC6A9E}.Debug|x64.ActiveCfg = Debug|x64
		{87E7B86E-ECBF-4CEB-8B9A-0A4417DC6A9E}.Debug|x64.Build.0 = Debug|x64
		{87E7B86E-ECBF-4CEB-8B9A-0A4417DC6A9E}.Debug|x86.ActiveCfg = Debug|Win32
		{87E7B86E-ECBF-4CEB-8B9A-0A4417DC6A9E}.Debug|x86.Build.0 = Debug|Win32
		{87E7B86E-ECBF-4CEB-8B9A-0A4417DC6A9E}.Release|Any CPU.ActiveCfg = Release|Win32
		{87E7B86E-ECBF-4CEB-8B9A-0A4417DC6A9E}.Release|x64.ActiveCfg = Release|x64
		{87E7B86E-ECBF-4CEB-8B9A-0A4417DC6A9E}.Release|x64.Build.0 = Release|x64
		{87E7B86E-ECBF-4CEB-8B9A-0A4417DC6A9E}.Release|x86.ActiveCfg = Release|Win32
		{87E7B86E-ECBF-4CEB-8B9A-0A4417DC6A9E}.Release|x86.Build.0 = Release|Win32
	EndGlobalSection
	GlobalSection(SolutionProperties) = preSolution
		HideSolutionNode = FALSE
	EndGlobalSection
	GlobalSection(ExtensibilityGlobals) = postSolution
		SolutionGuid = {D272B84E-2472-4C86-8F34-72D4D167B471}
	EndGlobalSection
EndGlobal
